
Microsoft Visual Studio Solution File, Format Version 12.00
# Visual Studio Version 17
VisualStudioVersion = 17.9.34714.143
MinimumVisualStudioVersion = 10.0.40219.1
Project("{2150E333-8FDC-42A3-9474-1A3956D46DE8}") = "src", "src", "{C0343D71-45C8-4ABD-BFE0-5B29799FFA09}"
EndProject
Project("{2150E333-8FDC-42A3-9474-1A3956D46DE8}") = "Triangulation", "Triangulation", "{1F196A27-8C2D-4D17-9FE7-8306685BEAD0}"
EndProject
Project("{9A19103F-16F7-4668-BE54-9A1E7A4F7556}") = "SolverHTE.Triangulation", "Triangulation\SolverHTE.Triangulation\SolverHTE.Triangulation.csproj", "{78051D22-D085-41CE-822C-7A9BC3C8B71F}"
EndProject
Project("{2150E333-8FDC-42A3-9474-1A3956D46DE8}") = "Nodes", "Nodes", "{BC4761B9-C066-41A2-8511-4B1A3F091269}"
EndProject
Project("{9A19103F-16F7-4668-BE54-9A1E7A4F7556}") = "SolverHTE.Nodes", "Nodes\SolverHTE.Nodes\SolverHTE.Nodes.csproj", "{99D42453-FBC8-4F2E-9FCF-19D05911E5EB}"
EndProject
Project("{2150E333-8FDC-42A3-9474-1A3956D46DE8}") = "SolvingEquation", "SolvingEquation", "{68171D7E-483F-4938-A1E2-401050F86FA1}"
EndProject
Project("{9A19103F-16F7-4668-BE54-9A1E7A4F7556}") = "SolverHTE.SolvingEquation", "SolvingEquation\SolverHTE.SolvingEquation\SolverHTE.SolvingEquation.csproj", "{27A7BD83-CD5B-4050-8496-450FD1743F9A}"
EndProject
Project("{2150E333-8FDC-42A3-9474-1A3956D46DE8}") = "Solver", "Solver", "{936F43B0-35B5-4A91-B002-20CCA6603BD0}"
EndProject
Project("{9A19103F-16F7-4668-BE54-9A1E7A4F7556}") = "SolverHTE.Solver", "SolverHTE\SolverHTE.Solver\SolverHTE.Solver.csproj", "{F1261827-6AFC-4A9E-8CE8-400A7941956D}"
EndProject
Project("{FAE04EC0-301F-11D3-BF4B-00C04F79EFBC}") = "test", "test\test.csproj", "{893395FA-E907-4ECD-A789-A1875C2DAA69}"
	ProjectSection(ProjectDependencies) = postProject
		{F1261827-6AFC-4A9E-8CE8-400A7941956D} = {F1261827-6AFC-4A9E-8CE8-400A7941956D}
	EndProjectSection
EndProject
Global
	GlobalSection(SolutionConfigurationPlatforms) = preSolution
		Debug|Any CPU = Debug|Any CPU
		Release|Any CPU = Release|Any CPU
	EndGlobalSection
	GlobalSection(ProjectConfigurationPlatforms) = postSolution
		{78051D22-D085-41CE-822C-7A9BC3C8B71F}.Debug|Any CPU.ActiveCfg = Debug|Any CPU
		{78051D22-D085-41CE-822C-7A9BC3C8B71F}.Debug|Any CPU.Build.0 = Debug|Any CPU
		{78051D22-D085-41CE-822C-7A9BC3C8B71F}.Release|Any CPU.ActiveCfg = Release|Any CPU
		{78051D22-D085-41CE-822C-7A9BC3C8B71F}.Release|Any CPU.Build.0 = Release|Any CPU
		{99D42453-FBC8-4F2E-9FCF-19D05911E5EB}.Debug|Any CPU.ActiveCfg = Debug|Any CPU
		{99D42453-FBC8-4F2E-9FCF-19D05911E5EB}.Debug|Any CPU.Build.0 = Debug|Any CPU
		{99D42453-FBC8-4F2E-9FCF-19D05911E5EB}.Release|Any CPU.ActiveCfg = Release|Any CPU
		{99D42453-FBC8-4F2E-9FCF-19D05911E5EB}.Release|Any CPU.Build.0 = Release|Any CPU
		{27A7BD83-CD5B-4050-8496-450FD1743F9A}.Debug|Any CPU.ActiveCfg = Debug|Any CPU
		{27A7BD83-CD5B-4050-8496-450FD1743F9A}.Debug|Any CPU.Build.0 = Debug|Any CPU
		{27A7BD83-CD5B-4050-8496-450FD1743F9A}.Release|Any CPU.ActiveCfg = Release|Any CPU
		{27A7BD83-CD5B-4050-8496-450FD1743F9A}.Release|Any CPU.Build.0 = Release|Any CPU
		{F1261827-6AFC-4A9E-8CE8-400A7941956D}.Debug|Any CPU.ActiveCfg = Debug|Any CPU
		{F1261827-6AFC-4A9E-8CE8-400A7941956D}.Debug|Any CPU.Build.0 = Debug|Any CPU
		{F1261827-6AFC-4A9E-8CE8-400A7941956D}.Release|Any CPU.ActiveCfg = Release|Any CPU
		{F1261827-6AFC-4A9E-8CE8-400A7941956D}.Release|Any CPU.Build.0 = Release|Any CPU
		{893395FA-E907-4ECD-A789-A1875C2DAA69}.Debug|Any CPU.ActiveCfg = Debug|Any CPU
		{893395FA-E907-4ECD-A789-A1875C2DAA69}.Debug|Any CPU.Build.0 = Debug|Any CPU
		{893395FA-E907-4ECD-A789-A1875C2DAA69}.Release|Any CPU.ActiveCfg = Release|Any CPU
		{893395FA-E907-4ECD-A789-A1875C2DAA69}.Release|Any CPU.Build.0 = Release|Any CPU
	EndGlobalSection
	GlobalSection(SolutionProperties) = preSolution
		HideSolutionNode = FALSE
	EndGlobalSection
	GlobalSection(NestedProjects) = preSolution
		{1F196A27-8C2D-4D17-9FE7-8306685BEAD0} = {C0343D71-45C8-4ABD-BFE0-5B29799FFA09}
		{78051D22-D085-41CE-822C-7A9BC3C8B71F} = {1F196A27-8C2D-4D17-9FE7-8306685BEAD0}
		{BC4761B9-C066-41A2-8511-4B1A3F091269} = {C0343D71-45C8-4ABD-BFE0-5B29799FFA09}
		{99D42453-FBC8-4F2E-9FCF-19D05911E5EB} = {BC4761B9-C066-41A2-8511-4B1A3F091269}
		{68171D7E-483F-4938-A1E2-401050F86FA1} = {C0343D71-45C8-4ABD-BFE0-5B29799FFA09}
		{27A7BD83-CD5B-4050-8496-450FD1743F9A} = {68171D7E-483F-4938-A1E2-401050F86FA1}
		{936F43B0-35B5-4A91-B002-20CCA6603BD0} = {C0343D71-45C8-4ABD-BFE0-5B29799FFA09}
		{F1261827-6AFC-4A9E-8CE8-400A7941956D} = {936F43B0-35B5-4A91-B002-20CCA6603BD0}
		{893395FA-E907-4ECD-A789-A1875C2DAA69} = {C0343D71-45C8-4ABD-BFE0-5B29799FFA09}
	EndGlobalSection
	GlobalSection(ExtensibilityGlobals) = postSolution
		SolutionGuid = {A1ADB7EE-C738-4599-83A5-BA4A093BC31C}
	EndGlobalSection
EndGlobal
